{
  "name": "resolver",
  "version": "1.0.0",
  "lockfileVersion": 1,
  "requires": true,
  "dependencies": {
    "nan": {
      "version": "2.14.0",
      "resolved": "https://registry.npmjs.org/nan/-/nan-2.14.0.tgz",
      "integrity": "sha512-INOFj37C7k3AfaNTtX8RhsTw7qRy7eLET14cROi9+5HAVbbHuIWUHEauBv5qT4Av2tWasiTY1Jw6puUNqRJXQg=="
    },
    "readline-sync": {
      "version": "1.4.10",
      "resolved": "https://registry.npmjs.org/readline-sync/-/readline-sync-1.4.10.tgz",
      "integrity": "sha512-gNva8/6UAe8QYepIQH/jQ2qn91Qj0B9sYjMBBs3QOB8F2CXcKgLxQaJRP76sWVRQt+QU+8fAkCbCvjjMFu7Ycw=="
    },
    "sleep": {
      "version": "5.2.4",
      "resolved": "https://registry.npmjs.org/sleep/-/sleep-5.2.4.tgz",
      "integrity": "sha512-SoltvxayTifWOgOGD6CTh+djcp5TaOa/zdbaA38wEH1ahF2azmiLOh8CPt6ExHf0pAJAsA9OCHTS7zK24Ym4yA==",
      "requires": {
        "nan": "2.14.0"
      }
    }
  }
}
